
Microsoft Visual Studio Solution File, Format Version 12.00
# Visual Studio Version 17
VisualStudioVersion = 17.3.32922.545
MinimumVisualStudioVersion = 10.0.40219.1
Project("{FAE04EC0-301F-11D3-BF4B-00C04F79EFBC}") = "RepasoExamen", "RepasoExamen\RepasoExamen.csproj", "{A65052B5-E048-4CBF-84A6-9E8DAB49DF45}"
EndProject
Global
	GlobalSection(SolutionConfigurationPlatforms) = preSolution
		Debug|Any CPU = Debug|Any CPU
		Release|Any CPU = Release|Any CPU
	EndGlobalSection
	GlobalSection(ProjectConfigurationPlatforms) = postSolution
		{A65052B5-E048-4CBF-84A6-9E8DAB49DF45}.Debug|Any CPU.ActiveCfg = Debug|Any CPU
		{A65052B5-E048-4CBF-84A6-9E8DAB49DF45}.Debug|Any CPU.Build.0 = Debug|Any CPU
		{A65052B5-E048-4CBF-84A6-9E8DAB49DF45}.Release|Any CPU.ActiveCfg = Release|Any CPU
		{A65052B5-E048-4CBF-84A6-9E8DAB49DF45}.Release|Any CPU.Build.0 = Release|Any CPU
	EndGlobalSection
	GlobalSection(SolutionProperties) = preSolution
		HideSolutionNode = FALSE
	EndGlobalSection
	GlobalSection(ExtensibilityGlobals) = postSolution
		SolutionGuid = {656EE4A8-B9F7-4417-8058-80DEDDD308F8}
	EndGlobalSection
EndGlobal
